
Microsoft Visual Studio Solution File, Format Version 12.00
# Visual Studio Version 17
VisualStudioVersion = 17.7.34031.279
MinimumVisualStudioVersion = 10.0.40219.1
Project("{FAE04EC0-301F-11D3-BF4B-00C04F79EFBC}") = "LOLRAT_C2", "LOLRAT_C2\LOLRAT_C2.csproj", "{3FA93EC5-EC23-4ABD-A637-458E2D7E5F3E}"
EndProject
Global
	GlobalSection(SolutionConfigurationPlatforms) = preSolution
		Debug|Any CPU = Debug|Any CPU
		Release|Any CPU = Release|Any CPU
	EndGlobalSection
	GlobalSection(ProjectConfigurationPlatforms) = postSolution
		{3FA93EC5-EC23-4ABD-A637-458E2D7E5F3E}.Debug|Any CPU.ActiveCfg = Debug|Any CPU
		{3FA93EC5-EC23-4ABD-A637-458E2D7E5F3E}.Debug|Any CPU.Build.0 = Debug|Any CPU
		{3FA93EC5-EC23-4ABD-A637-458E2D7E5F3E}.Release|Any CPU.ActiveCfg = Release|Any CPU
		{3FA93EC5-EC23-4ABD-A637-458E2D7E5F3E}.Release|Any CPU.Build.0 = Release|Any CPU
	EndGlobalSection
	GlobalSection(SolutionProperties) = preSolution
		HideSolutionNode = FALSE
	EndGlobalSection
	GlobalSection(ExtensibilityGlobals) = postSolution
		SolutionGuid = {79BA7FC7-4B98-4690-94ED-E57D33B37AE3}
	EndGlobalSection
EndGlobal
